
Microsoft Visual Studio Solution File, Format Version 12.00
# Visual Studio 14
VisualStudioVersion = 14.0.25123.0
MinimumVisualStudioVersion = 10.0.40219.1
Project("{FAE04EC0-301F-11D3-BF4B-00C04F79EFBC}") = "TradingControl", "TradingControl\TradingControl.csproj", "{BE2B06FE-A16B-4957-AAEC-4A9F7C975090}"
EndProject
Project("{FAE04EC0-301F-11D3-BF4B-00C04F79EFBC}") = "TradingDAL", "TradingDAL\TradingDAL.csproj", "{9EA7BAD8-A6E9-4456-AE81-057872A99C12}"
EndProject
Global
	GlobalSection(SolutionConfigurationPlatforms) = preSolution
		Debug|Any CPU = Debug|Any CPU
		Release|Any CPU = Release|Any CPU
	EndGlobalSection
	GlobalSection(ProjectConfigurationPlatforms) = postSolution
		{BE2B06FE-A16B-4957-AAEC-4A9F7C975090}.Debug|Any CPU.ActiveCfg = Debug|Any CPU
		{BE2B06FE-A16B-4957-AAEC-4A9F7C975090}.Debug|Any CPU.Build.0 = Debug|Any CPU
		{BE2B06FE-A16B-4957-AAEC-4A9F7C975090}.Release|Any CPU.ActiveCfg = Release|Any CPU
		{BE2B06FE-A16B-4957-AAEC-4A9F7C975090}.Release|Any CPU.Build.0 = Release|Any CPU
		{9EA7BAD8-A6E9-4456-AE81-057872A99C12}.Debug|Any CPU.ActiveCfg = Debug|Any CPU
		{9EA7BAD8-A6E9-4456-AE81-057872A99C12}.Debug|Any CPU.Build.0 = Debug|Any CPU
		{9EA7BAD8-A6E9-4456-AE81-057872A99C12}.Release|Any CPU.ActiveCfg = Release|Any CPU
		{9EA7BAD8-A6E9-4456-AE81-057872A99C12}.Release|Any CPU.Build.0 = Release|Any CPU
	EndGlobalSection
	GlobalSection(SolutionProperties) = preSolution
		HideSolutionNode = FALSE
	EndGlobalSection
EndGlobal
